
Microsoft Visual Studio Solution File, Format Version 12.00
# Visual Studio Version 16
VisualStudioVersion = 16.0.31205.134
MinimumVisualStudioVersion = 10.0.40219.1
Project("{2150E333-8FDC-42A3-9474-1A3956D46DE8}") = "_Solution files", "_Solution files", "{C2E78FE4-A8D4-4827-AF0A-66B644059199}"
EndProject
Project("{2150E333-8FDC-42A3-9474-1A3956D46DE8}") = "Plugins", "Plugins", "{D50B37E0-3A4F-41D1-8A5A-33C0D89DCE9D}"
EndProject
Project("{FAE04EC0-301F-11D3-BF4B-00C04F79EFBC}") = "SuperMemoAssistant.Plugins.TextFormatting", "src\SuperMemoAssistant.Plugins.TextFormatting\SuperMemoAssistant.Plugins.TextFormatting.csproj", "{5E460800-F725-446C-88E9-EEAADACB0C57}"
EndProject
Global
	GlobalSection(SolutionConfigurationPlatforms) = preSolution
		1. Alpha (Debug)|Any CPU = 1. Alpha (Debug)|Any CPU
		2. Beta (Release)|Any CPU = 2. Beta (Release)|Any CPU
		3. Stable (Release)|Any CPU = 3. Stable (Release)|Any CPU
		Debug|Any CPU = Debug|Any CPU
		Release|Any CPU = Release|Any CPU
	EndGlobalSection
	GlobalSection(ProjectConfigurationPlatforms) = postSolution
		{5E460800-F725-446C-88E9-EEAADACB0C57}.1. Alpha (Debug)|Any CPU.ActiveCfg = Debug|Any CPU
		{5E460800-F725-446C-88E9-EEAADACB0C57}.1. Alpha (Debug)|Any CPU.Build.0 = Debug|Any CPU
		{5E460800-F725-446C-88E9-EEAADACB0C57}.2. Beta (Release)|Any CPU.ActiveCfg = Release|Any CPU
		{5E460800-F725-446C-88E9-EEAADACB0C57}.2. Beta (Release)|Any CPU.Build.0 = Release|Any CPU
		{5E460800-F725-446C-88E9-EEAADACB0C57}.3. Stable (Release)|Any CPU.ActiveCfg = Release|Any CPU
		{5E460800-F725-446C-88E9-EEAADACB0C57}.3. Stable (Release)|Any CPU.Build.0 = Release|Any CPU
		{5E460800-F725-446C-88E9-EEAADACB0C57}.Debug|Any CPU.ActiveCfg = Debug|Any CPU
		{5E460800-F725-446C-88E9-EEAADACB0C57}.Debug|Any CPU.Build.0 = Debug|Any CPU
		{5E460800-F725-446C-88E9-EEAADACB0C57}.Release|Any CPU.ActiveCfg = Release|Any CPU
		{5E460800-F725-446C-88E9-EEAADACB0C57}.Release|Any CPU.Build.0 = Release|Any CPU
	EndGlobalSection
	GlobalSection(SolutionProperties) = preSolution
		HideSolutionNode = FALSE
	EndGlobalSection
	GlobalSection(NestedProjects) = preSolution
		{5E460800-F725-446C-88E9-EEAADACB0C57} = {D50B37E0-3A4F-41D1-8A5A-33C0D89DCE9D}
	EndGlobalSection
	GlobalSection(ExtensibilityGlobals) = postSolution
		SolutionGuid = {4689AEE7-45D0-4622-A3EF-902D4A2270D5}
	EndGlobalSection
EndGlobal
